
Microsoft Visual Studio Solution File, Format Version 12.00
# Visual Studio Version 17
VisualStudioVersion = 17.5.33627.172
MinimumVisualStudioVersion = 10.0.40219.1
Project("{FAE04EC0-301F-11D3-BF4B-00C04F79EFBC}") = "Multiverse", "Multiverse\Multiverse.csproj", "{7C009EA8-C48A-4300-A007-0D7C22F542B4}"
EndProject
Global
	GlobalSection(SolutionConfigurationPlatforms) = preSolution
		Debug|Any CPU = Debug|Any CPU
		Release|Any CPU = Release|Any CPU
	EndGlobalSection
	GlobalSection(ProjectConfigurationPlatforms) = postSolution
		{7C009EA8-C48A-4300-A007-0D7C22F542B4}.Debug|Any CPU.ActiveCfg = Debug|Any CPU
		{7C009EA8-C48A-4300-A007-0D7C22F542B4}.Debug|Any CPU.Build.0 = Debug|Any CPU
		{7C009EA8-C48A-4300-A007-0D7C22F542B4}.Release|Any CPU.ActiveCfg = Release|Any CPU
		{7C009EA8-C48A-4300-A007-0D7C22F542B4}.Release|Any CPU.Build.0 = Release|Any CPU
	EndGlobalSection
	GlobalSection(SolutionProperties) = preSolution
		HideSolutionNode = FALSE
	EndGlobalSection
	GlobalSection(ExtensibilityGlobals) = postSolution
		SolutionGuid = {1F6AAC02-22C9-4AF8-902C-EE15456275A5}
	EndGlobalSection
EndGlobal
